Microsoft Visual Studio Solution File, Format Version 12.00
# Visual Studio Version 17
VisualStudioVersion = 17.5.2.0
MinimumVisualStudioVersion = 10.0.40219.1
Project("{FAE04EC0-301F-11D3-BF4B-00C04F79EFBC}") = "001 Coursework", "001 Coursework.csproj", "{1B21A5A7-D516-92C9-6190-1ADC7C9A3E21}"
EndProject
Global
	GlobalSection(SolutionConfigurationPlatforms) = preSolution
		Debug|Any CPU = Debug|Any CPU
		Release|Any CPU = Release|Any CPU
	EndGlobalSection
	GlobalSection(ProjectConfigurationPlatforms) = postSolution
		{1B21A5A7-D516-92C9-6190-1ADC7C9A3E21}.Debug|Any CPU.ActiveCfg = Debug|Any CPU
		{1B21A5A7-D516-92C9-6190-1ADC7C9A3E21}.Debug|Any CPU.Build.0 = Debug|Any CPU
		{1B21A5A7-D516-92C9-6190-1ADC7C9A3E21}.Release|Any CPU.ActiveCfg = Release|Any CPU
		{1B21A5A7-D516-92C9-6190-1ADC7C9A3E21}.Release|Any CPU.Build.0 = Release|Any CPU
	EndGlobalSection
	GlobalSection(SolutionProperties) = preSolution
		HideSolutionNode = FALSE
	EndGlobalSection
	GlobalSection(ExtensibilityGlobals) = postSolution
		SolutionGuid = {0C3C1866-2FFE-4FA1-8152-26FE6375B434}
	EndGlobalSection
EndGlobal
